
Microsoft Visual Studio Solution File, Format Version 12.00
# Visual Studio Version 17
VisualStudioVersion = 17.0.32112.339
MinimumVisualStudioVersion = 10.0.40219.1
Project("{2150E333-8FDC-42A3-9474-1A3956D46DE8}") = "ext", "ext", "{F25E13D1-9751-4903-BF81-235C9FD97552}"
EndProject
Project("{9A19103F-16F7-4668-BE54-9A1E7A4F7556}") = "J4JCommandLine", "..\J4JCommandLine\J4JCommandLine\J4JCommandLine.csproj", "{8B9721D3-284D-478B-B593-6C5785106AA7}"
EndProject
Project("{9A19103F-16F7-4668-BE54-9A1E7A4F7556}") = "DependencyInjection", "..\ProgrammingUtilities\DependencyInjection\DependencyInjection.csproj", "{096115C3-5682-43E5-805C-50D429570DD3}"
EndProject
Project("{9A19103F-16F7-4668-BE54-9A1E7A4F7556}") = "ColorfulHelp", "..\J4JCommandLine\ColorfulHelp\ColorfulHelp.csproj", "{B7905EE2-0111-43CC-84BC-48C5378F412D}"
EndProject
Project("{9A19103F-16F7-4668-BE54-9A1E7A4F7556}") = "J4JLogging", "..\J4JLogging\J4JLogging\J4JLogging.csproj", "{197214CB-494D-474D-80FB-8AFFB14DAF6B}"
EndProject
Project("{9A19103F-16F7-4668-BE54-9A1E7A4F7556}") = "TypeUtilities", "..\ProgrammingUtilities\TypeUtilities\TypeUtilities.csproj", "{AE3B2115-4F46-455D-AA12-3CBFA92A0C9E}"
EndProject
Project("{9A19103F-16F7-4668-BE54-9A1E7A4F7556}") = "TopologicalSort", "..\ProgrammingUtilities\TopologicalSort\TopologicalSort.csproj", "{AA469C6C-BB2D-4C69-84AB-1EAB4DCCC593}"
EndProject
Project("{9A19103F-16F7-4668-BE54-9A1E7A4F7556}") = "MediaTimeStampLib", "MediaTimeStampLib\MediaTimeStampLib.csproj", "{DC1FA92A-C89B-49F4-8827-B0EE09A87F89}"
EndProject
Project("{9A19103F-16F7-4668-BE54-9A1E7A4F7556}") = "MediaTimestampConsole", "MediaTimestampConsole\MediaTimestampConsole.csproj", "{728DC8E8-BCD0-45A9-8C38-4C832954BFEB}"
EndProject
Project("{FAE04EC0-301F-11D3-BF4B-00C04F79EFBC}") = "MediaTimestampUpdater", "MediaTimestampUpdater\MediaTimestampUpdater.csproj", "{DF7E06E8-60C8-4E37-9F2E-C5A6F15F50C9}"
EndProject
Global
	GlobalSection(SolutionConfigurationPlatforms) = preSolution
		Debug|Any CPU = Debug|Any CPU
		Debug|arm64 = Debug|arm64
		Debug|x64 = Debug|x64
		Debug|x86 = Debug|x86
		Release|Any CPU = Release|Any CPU
		Release|arm64 = Release|arm64
		Release|x64 = Release|x64
		Release|x86 = Release|x86
	EndGlobalSection
	GlobalSection(ProjectConfigurationPlatforms) = postSolution
		{8B9721D3-284D-478B-B593-6C5785106AA7}.Debug|Any CPU.ActiveCfg = Debug|Any CPU
		{8B9721D3-284D-478B-B593-6C5785106AA7}.Debug|Any CPU.Build.0 = Debug|Any CPU
		{8B9721D3-284D-478B-B593-6C5785106AA7}.Debug|arm64.ActiveCfg = Debug|Any CPU
		{8B9721D3-284D-478B-B593-6C5785106AA7}.Debug|arm64.Build.0 = Debug|Any CPU
		{8B9721D3-284D-478B-B593-6C5785106AA7}.Debug|x64.ActiveCfg = Debug|Any CPU
		{8B9721D3-284D-478B-B593-6C5785106AA7}.Debug|x64.Build.0 = Debug|Any CPU
		{8B9721D3-284D-478B-B593-6C5785106AA7}.Debug|x86.ActiveCfg = Debug|Any CPU
		{8B9721D3-284D-478B-B593-6C5785106AA7}.Debug|x86.Build.0 = Debug|Any CPU
		{8B9721D3-284D-478B-B593-6C5785106AA7}.Release|Any CPU.ActiveCfg = Release|Any CPU
		{8B9721D3-284D-478B-B593-6C5785106AA7}.Release|Any CPU.Build.0 = Release|Any CPU
		{8B9721D3-284D-478B-B593-6C5785106AA7}.Release|arm64.ActiveCfg = Release|Any CPU
		{8B9721D3-284D-478B-B593-6C5785106AA7}.Release|arm64.Build.0 = Release|Any CPU
		{8B9721D3-284D-478B-B593-6C5785106AA7}.Release|x64.ActiveCfg = Release|Any CPU
		{8B9721D3-284D-478B-B593-6C5785106AA7}.Release|x64.Build.0 = Release|Any CPU
		{8B9721D3-284D-478B-B593-6C5785106AA7}.Release|x86.ActiveCfg = Release|Any CPU
		{8B9721D3-284D-478B-B593-6C5785106AA7}.Release|x86.Build.0 = Release|Any CPU
		{096115C3-5682-43E5-805C-50D429570DD3}.Debug|Any CPU.ActiveCfg = Debug|Any CPU
		{096115C3-5682-43E5-805C-50D429570DD3}.Debug|Any CPU.Build.0 = Debug|Any CPU
		{096115C3-5682-43E5-805C-50D429570DD3}.Debug|arm64.ActiveCfg = Debug|Any CPU
		{096115C3-5682-43E5-805C-50D429570DD3}.Debug|arm64.Build.0 = Debug|Any CPU
		{096115C3-5682-43E5-805C-50D429570DD3}.Debug|x64.ActiveCfg = Debug|Any CPU
		{096115C3-5682-43E5-805C-50D429570DD3}.Debug|x64.Build.0 = Debug|Any CPU
		{096115C3-5682-43E5-805C-50D429570DD3}.Debug|x86.ActiveCfg = Debug|Any CPU
		{096115C3-5682-43E5-805C-50D429570DD3}.Debug|x86.Build.0 = Debug|Any CPU
		{096115C3-5682-43E5-805C-50D429570DD3}.Release|Any CPU.ActiveCfg = Release|Any CPU
		{096115C3-5682-43E5-805C-50D429570DD3}.Release|Any CPU.Build.0 = Release|Any CPU
		{096115C3-5682-43E5-805C-50D429570DD3}.Release|arm64.ActiveCfg = Release|Any CPU
		{096115C3-5682-43E5-805C-50D429570DD3}.Release|arm64.Build.0 = Release|Any CPU
		{096115C3-5682-43E5-805C-50D429570DD3}.Release|x64.ActiveCfg = Release|Any CPU
		{096115C3-5682-43E5-805C-50D429570DD3}.Release|x64.Build.0 = Release|Any CPU
		{096115C3-5682-43E5-805C-50D429570DD3}.Release|x86.ActiveCfg = Release|Any CPU
		{096115C3-5682-43E5-805C-50D429570DD3}.Release|x86.Build.0 = Release|Any CPU
		{B7905EE2-0111-43CC-84BC-48C5378F412D}.Debug|Any CPU.ActiveCfg = Debug|Any CPU
		{B7905EE2-0111-43CC-84BC-48C5378F412D}.Debug|Any CPU.Build.0 = Debug|Any CPU
		{B7905EE2-0111-43CC-84BC-48C5378F412D}.Debug|arm64.ActiveCfg = Debug|Any CPU
		{B7905EE2-0111-43CC-84BC-48C5378F412D}.Debug|arm64.Build.0 = Debug|Any CPU
		{B7905EE2-0111-43CC-84BC-48C5378F412D}.Debug|x64.ActiveCfg = Debug|Any CPU
		{B7905EE2-0111-43CC-84BC-48C5378F412D}.Debug|x64.Build.0 = Debug|Any CPU
		{B7905EE2-0111-43CC-84BC-48C5378F412D}.Debug|x86.ActiveCfg = Debug|Any CPU
		{B7905EE2-0111-43CC-84BC-48C5378F412D}.Debug|x86.Build.0 = Debug|Any CPU
		{B7905EE2-0111-43CC-84BC-48C5378F412D}.Release|Any CPU.ActiveCfg = Release|Any CPU
		{B7905EE2-0111-43CC-84BC-48C5378F412D}.Release|Any CPU.Build.0 = Release|Any CPU
		{B7905EE2-0111-43CC-84BC-48C5378F412D}.Release|arm64.ActiveCfg = Release|Any CPU
		{B7905EE2-0111-43CC-84BC-48C5378F412D}.Release|arm64.Build.0 = Release|Any CPU
		{B7905EE2-0111-43CC-84BC-48C5378F412D}.Release|x64.ActiveCfg = Release|Any CPU
		{B7905EE2-0111-43CC-84BC-48C5378F412D}.Release|x64.Build.0 = Release|Any CPU
		{B7905EE2-0111-43CC-84BC-48C5378F412D}.Release|x86.ActiveCfg = Release|Any CPU
		{B7905EE2-0111-43CC-84BC-48C5378F412D}.Release|x86.Build.0 = Release|Any CPU
		{197214CB-494D-474D-80FB-8AFFB14DAF6B}.Debug|Any CPU.ActiveCfg = Debug|Any CPU
		{197214CB-494D-474D-80FB-8AFFB14DAF6B}.Debug|Any CPU.Build.0 = Debug|Any CPU
		{197214CB-494D-474D-80FB-8AFFB14DAF6B}.Debug|arm64.ActiveCfg = Debug|Any CPU
		{197214CB-494D-474D-80FB-8AFFB14DAF6B}.Debug|arm64.Build.0 = Debug|Any CPU
		{197214CB-494D-474D-80FB-8AFFB14DAF6B}.Debug|x64.ActiveCfg = Debug|Any CPU
		{197214CB-494D-474D-80FB-8AFFB14DAF6B}.Debug|x64.Build.0 = Debug|Any CPU
		{197214CB-494D-474D-80FB-8AFFB14DAF6B}.Debug|x86.ActiveCfg = Debug|Any CPU
		{197214CB-494D-474D-80FB-8AFFB14DAF6B}.Debug|x86.Build.0 = Debug|Any CPU
		{197214CB-494D-474D-80FB-8AFFB14DAF6B}.Release|Any CPU.ActiveCfg = Release|Any CPU
		{197214CB-494D-474D-80FB-8AFFB14DAF6B}.Release|Any CPU.Build.0 = Release|Any CPU
		{197214CB-494D-474D-80FB-8AFFB14DAF6B}.Release|arm64.ActiveCfg = Release|Any CPU
		{197214CB-494D-474D-80FB-8AFFB14DAF6B}.Release|arm64.Build.0 = Release|Any CPU
		{197214CB-494D-474D-80FB-8AFFB14DAF6B}.Release|x64.ActiveCfg = Release|Any CPU
		{197214CB-494D-474D-80FB-8AFFB14DAF6B}.Release|x64.Build.0 = Release|Any CPU
		{197214CB-494D-474D-80FB-8AFFB14DAF6B}.Release|x86.ActiveCfg = Release|Any CPU
		{197214CB-494D-474D-80FB-8AFFB14DAF6B}.Release|x86.Build.0 = Release|Any CPU
		{AE3B2115-4F46-455D-AA12-3CBFA92A0C9E}.Debug|Any CPU.ActiveCfg = Debug|Any CPU
		{AE3B2115-4F46-455D-AA12-3CBFA92A0C9E}.Debug|Any CPU.Build.0 = Debug|Any CPU
		{AE3B2115-4F46-455D-AA12-3CBFA92A0C9E}.Debug|arm64.ActiveCfg = Debug|Any CPU
		{AE3B2115-4F46-455D-AA12-3CBFA92A0C9E}.Debug|arm64.Build.0 = Debug|Any CPU
		{AE3B2115-4F46-455D-AA12-3CBFA92A0C9E}.Debug|x64.ActiveCfg = Debug|Any CPU
		{AE3B2115-4F46-455D-AA12-3CBFA92A0C9E}.Debug|x64.Build.0 = Debug|Any CPU
		{AE3B2115-4F46-455D-AA12-3CBFA92A0C9E}.Debug|x86.ActiveCfg = Debug|Any CPU
		{AE3B2115-4F46-455D-AA12-3CBFA92A0C9E}.Debug|x86.Build.0 = Debug|Any CPU
		{AE3B2115-4F46-455D-AA12-3CBFA92A0C9E}.Release|Any CPU.ActiveCfg = Release|Any CPU
		{AE3B2115-4F46-455D-AA12-3CBFA92A0C9E}.Release|Any CPU.Build.0 = Release|Any CPU
		{AE3B2115-4F46-455D-AA12-3CBFA92A0C9E}.Release|arm64.ActiveCfg = Release|Any CPU
		{AE3B2115-4F46-455D-AA12-3CBFA92A0C9E}.Release|arm64.Build.0 = Release|Any CPU
		{AE3B2115-4F46-455D-AA12-3CBFA92A0C9E}.Release|x64.ActiveCfg = Release|Any CPU
		{AE3B2115-4F46-455D-AA12-3CBFA92A0C9E}.Release|x64.Build.0 = Release|Any CPU
		{AE3B2115-4F46-455D-AA12-3CBFA92A0C9E}.Release|x86.ActiveCfg = Release|Any CPU
		{AE3B2115-4F46-455D-AA12-3CBFA92A0C9E}.Release|x86.Build.0 = Release|Any CPU
		{AA469C6C-BB2D-4C69-84AB-1EAB4DCCC593}.Debug|Any CPU.ActiveCfg = Debug|Any CPU
		{AA469C6C-BB2D-4C69-84AB-1EAB4DCCC593}.Debug|Any CPU.Build.0 = Debug|Any CPU
		{AA469C6C-BB2D-4C69-84AB-1EAB4DCCC593}.Debug|arm64.ActiveCfg = Debug|Any CPU
		{AA469C6C-BB2D-4C69-84AB-1EAB4DCCC593}.Debug|arm64.Build.0 = Debug|Any CPU
		{AA469C6C-BB2D-4C69-84AB-1EAB4DCCC593}.Debug|x64.ActiveCfg = Debug|Any CPU
		{AA469C6C-BB2D-4C69-84AB-1EAB4DCCC593}.Debug|x64.Build.0 = Debug|Any CPU
		{AA469C6C-BB2D-4C69-84AB-1EAB4DCCC593}.Debug|x86.ActiveCfg = Debug|Any CPU
		{AA469C6C-BB2D-4C69-84AB-1EAB4DCCC593}.Debug|x86.Build.0 = Debug|Any CPU
		{AA469C6C-BB2D-4C69-84AB-1EAB4DCCC593}.Release|Any CPU.ActiveCfg = Release|Any CPU
		{AA469C6C-BB2D-4C69-84AB-1EAB4DCCC593}.Release|Any CPU.Build.0 = Release|Any CPU
		{AA469C6C-BB2D-4C69-84AB-1EAB4DCCC593}.Release|arm64.ActiveCfg = Release|Any CPU
		{AA469C6C-BB2D-4C69-84AB-1EAB4DCCC593}.Release|arm64.Build.0 = Release|Any CPU
		{AA469C6C-BB2D-4C69-84AB-1EAB4DCCC593}.Release|x64.ActiveCfg = Release|Any CPU
		{AA469C6C-BB2D-4C69-84AB-1EAB4DCCC593}.Release|x64.Build.0 = Release|Any CPU
		{AA469C6C-BB2D-4C69-84AB-1EAB4DCCC593}.Release|x86.ActiveCfg = Release|Any CPU
		{AA469C6C-BB2D-4C69-84AB-1EAB4DCCC593}.Release|x86.Build.0 = Release|Any CPU
		{DC1FA92A-C89B-49F4-8827-B0EE09A87F89}.Debug|Any CPU.ActiveCfg = Debug|Any CPU
		{DC1FA92A-C89B-49F4-8827-B0EE09A87F89}.Debug|Any CPU.Build.0 = Debug|Any CPU
		{DC1FA92A-C89B-49F4-8827-B0EE09A87F89}.Debug|arm64.ActiveCfg = Debug|Any CPU
		{DC1FA92A-C89B-49F4-8827-B0EE09A87F89}.Debug|arm64.Build.0 = Debug|Any CPU
		{DC1FA92A-C89B-49F4-8827-B0EE09A87F89}.Debug|x64.ActiveCfg = Debug|Any CPU
		{DC1FA92A-C89B-49F4-8827-B0EE09A87F89}.Debug|x64.Build.0 = Debug|Any CPU
		{DC1FA92A-C89B-49F4-8827-B0EE09A87F89}.Debug|x86.ActiveCfg = Debug|Any CPU
		{DC1FA92A-C89B-49F4-8827-B0EE09A87F89}.Debug|x86.Build.0 = Debug|Any CPU
		{DC1FA92A-C89B-49F4-8827-B0EE09A87F89}.Release|Any CPU.ActiveCfg = Release|Any CPU
		{DC1FA92A-C89B-49F4-8827-B0EE09A87F89}.Release|Any CPU.Build.0 = Release|Any CPU
		{DC1FA92A-C89B-49F4-8827-B0EE09A87F89}.Release|arm64.ActiveCfg = Release|Any CPU
		{DC1FA92A-C89B-49F4-8827-B0EE09A87F89}.Release|arm64.Build.0 = Release|Any CPU
		{DC1FA92A-C89B-49F4-8827-B0EE09A87F89}.Release|x64.ActiveCfg = Release|Any CPU
		{DC1FA92A-C89B-49F4-8827-B0EE09A87F89}.Release|x64.Build.0 = Release|Any CPU
		{DC1FA92A-C89B-49F4-8827-B0EE09A87F89}.Release|x86.ActiveCfg = Release|Any CPU
		{DC1FA92A-C89B-49F4-8827-B0EE09A87F89}.Release|x86.Build.0 = Release|Any CPU
		{728DC8E8-BCD0-45A9-8C38-4C832954BFEB}.Debug|Any CPU.ActiveCfg = Debug|Any CPU
		{728DC8E8-BCD0-45A9-8C38-4C832954BFEB}.Debug|Any CPU.Build.0 = Debug|Any CPU
		{728DC8E8-BCD0-45A9-8C38-4C832954BFEB}.Debug|arm64.ActiveCfg = Debug|Any CPU
		{728DC8E8-BCD0-45A9-8C38-4C832954BFEB}.Debug|arm64.Build.0 = Debug|Any CPU
		{728DC8E8-BCD0-45A9-8C38-4C832954BFEB}.Debug|x64.ActiveCfg = Debug|Any CPU
		{728DC8E8-BCD0-45A9-8C38-4C832954BFEB}.Debug|x64.Build.0 = Debug|Any CPU
		{728DC8E8-BCD0-45A9-8C38-4C832954BFEB}.Debug|x86.ActiveCfg = Debug|Any CPU
		{728DC8E8-BCD0-45A9-8C38-4C832954BFEB}.Debug|x86.Build.0 = Debug|Any CPU
		{728DC8E8-BCD0-45A9-8C38-4C832954BFEB}.Release|Any CPU.ActiveCfg = Release|Any CPU
		{728DC8E8-BCD0-45A9-8C38-4C832954BFEB}.Release|Any CPU.Build.0 = Release|Any CPU
		{728DC8E8-BCD0-45A9-8C38-4C832954BFEB}.Release|arm64.ActiveCfg = Release|Any CPU
		{728DC8E8-BCD0-45A9-8C38-4C832954BFEB}.Release|arm64.Build.0 = Release|Any CPU
		{728DC8E8-BCD0-45A9-8C38-4C832954BFEB}.Release|x64.ActiveCfg = Release|Any CPU
		{728DC8E8-BCD0-45A9-8C38-4C832954BFEB}.Release|x64.Build.0 = Release|Any CPU
		{728DC8E8-BCD0-45A9-8C38-4C832954BFEB}.Release|x86.ActiveCfg = Release|Any CPU
		{728DC8E8-BCD0-45A9-8C38-4C832954BFEB}.Release|x86.Build.0 = Release|Any CPU
		{DF7E06E8-60C8-4E37-9F2E-C5A6F15F50C9}.Debug|Any CPU.ActiveCfg = Debug|x64
		{DF7E06E8-60C8-4E37-9F2E-C5A6F15F50C9}.Debug|Any CPU.Build.0 = Debug|x64
		{DF7E06E8-60C8-4E37-9F2E-C5A6F15F50C9}.Debug|Any CPU.Deploy.0 = Debug|x64
		{DF7E06E8-60C8-4E37-9F2E-C5A6F15F50C9}.Debug|arm64.ActiveCfg = Debug|arm64
		{DF7E06E8-60C8-4E37-9F2E-C5A6F15F50C9}.Debug|arm64.Build.0 = Debug|arm64
		{DF7E06E8-60C8-4E37-9F2E-C5A6F15F50C9}.Debug|arm64.Deploy.0 = Debug|arm64
		{DF7E06E8-60C8-4E37-9F2E-C5A6F15F50C9}.Debug|x64.ActiveCfg = Debug|x64
		{DF7E06E8-60C8-4E37-9F2E-C5A6F15F50C9}.Debug|x64.Build.0 = Debug|x64
		{DF7E06E8-60C8-4E37-9F2E-C5A6F15F50C9}.Debug|x64.Deploy.0 = Debug|x64
		{DF7E06E8-60C8-4E37-9F2E-C5A6F15F50C9}.Debug|x86.ActiveCfg = Debug|x86
		{DF7E06E8-60C8-4E37-9F2E-C5A6F15F50C9}.Debug|x86.Build.0 = Debug|x86
		{DF7E06E8-60C8-4E37-9F2E-C5A6F15F50C9}.Debug|x86.Deploy.0 = Debug|x86
		{DF7E06E8-60C8-4E37-9F2E-C5A6F15F50C9}.Release|Any CPU.ActiveCfg = Release|x64
		{DF7E06E8-60C8-4E37-9F2E-C5A6F15F50C9}.Release|Any CPU.Build.0 = Release|x64
		{DF7E06E8-60C8-4E37-9F2E-C5A6F15F50C9}.Release|Any CPU.Deploy.0 = Release|x64
		{DF7E06E8-60C8-4E37-9F2E-C5A6F15F50C9}.Release|arm64.ActiveCfg = Release|arm64
		{DF7E06E8-60C8-4E37-9F2E-C5A6F15F50C9}.Release|arm64.Build.0 = Release|arm64
		{DF7E06E8-60C8-4E37-9F2E-C5A6F15F50C9}.Release|arm64.Deploy.0 = Release|arm64
		{DF7E06E8-60C8-4E37-9F2E-C5A6F15F50C9}.Release|x64.ActiveCfg = Release|x64
		{DF7E06E8-60C8-4E37-9F2E-C5A6F15F50C9}.Release|x64.Build.0 = Release|x64
		{DF7E06E8-60C8-4E37-9F2E-C5A6F15F50C9}.Release|x64.Deploy.0 = Release|x64
		{DF7E06E8-60C8-4E37-9F2E-C5A6F15F50C9}.Release|x86.ActiveCfg = Release|x86
		{DF7E06E8-60C8-4E37-9F2E-C5A6F15F50C9}.Release|x86.Build.0 = Release|x86
		{DF7E06E8-60C8-4E37-9F2E-C5A6F15F50C9}.Release|x86.Deploy.0 = Release|x86
	EndGlobalSection
	GlobalSection(SolutionProperties) = preSolution
		HideSolutionNode = FALSE
	EndGlobalSection
	GlobalSection(NestedProjects) = preSolution
		{8B9721D3-284D-478B-B593-6C5785106AA7} = {F25E13D1-9751-4903-BF81-235C9FD97552}
		{096115C3-5682-43E5-805C-50D429570DD3} = {F25E13D1-9751-4903-BF81-235C9FD97552}
		{B7905EE2-0111-43CC-84BC-48C5378F412D} = {F25E13D1-9751-4903-BF81-235C9FD97552}
		{197214CB-494D-474D-80FB-8AFFB14DAF6B} = {F25E13D1-9751-4903-BF81-235C9FD97552}
		{AE3B2115-4F46-455D-AA12-3CBFA92A0C9E} = {F25E13D1-9751-4903-BF81-235C9FD97552}
		{AA469C6C-BB2D-4C69-84AB-1EAB4DCCC593} = {F25E13D1-9751-4903-BF81-235C9FD97552}
	EndGlobalSection
	GlobalSection(ExtensibilityGlobals) = postSolution
		SolutionGuid = {7AA7DF8D-2B60-4AA8-ACC1-F0994055CA80}
	EndGlobalSection
EndGlobal
